
Microsoft Visual Studio Solution File, Format Version 12.00
# Visual Studio Version 17
VisualStudioVersion = 17.3.32825.248
MinimumVisualStudioVersion = 10.0.40219.1
Project("{FAE04EC0-301F-11D3-BF4B-00C04F79EFBC}") = "Apresentacao", "Apresentacao\Apresentacao.csproj", "{16FB3A1B-5482-41D9-AE67-98802B8189E7}"
EndProject
Project("{FAE04EC0-301F-11D3-BF4B-00C04F79EFBC}") = "AcessoBancoDados", "AcessoBancoDados\AcessoBancoDados.csproj", "{BC90F789-0131-4886-9C0D-34562EA183C0}"
EndProject
Project("{FAE04EC0-301F-11D3-BF4B-00C04F79EFBC}") = "Negocios", "Negocios\Negocios.csproj", "{644F6665-8D05-425E-B2B9-31CB1E3D8862}"
EndProject
Project("{FAE04EC0-301F-11D3-BF4B-00C04F79EFBC}") = "DTO", "DTO\DTO.csproj", "{494F25F7-BB01-440B-A21F-4FF4355E19C5}"
EndProject
Global
	GlobalSection(SolutionConfigurationPlatforms) = preSolution
		Debug|Any CPU = Debug|Any CPU
		Release|Any CPU = Release|Any CPU
	EndGlobalSection
	GlobalSection(ProjectConfigurationPlatforms) = postSolution
		{16FB3A1B-5482-41D9-AE67-98802B8189E7}.Debug|Any CPU.ActiveCfg = Debug|Any CPU
		{16FB3A1B-5482-41D9-AE67-98802B8189E7}.Debug|Any CPU.Build.0 = Debug|Any CPU
		{16FB3A1B-5482-41D9-AE67-98802B8189E7}.Release|Any CPU.ActiveCfg = Release|Any CPU
		{16FB3A1B-5482-41D9-AE67-98802B8189E7}.Release|Any CPU.Build.0 = Release|Any CPU
		{BC90F789-0131-4886-9C0D-34562EA183C0}.Debug|Any CPU.ActiveCfg = Debug|Any CPU
		{BC90F789-0131-4886-9C0D-34562EA183C0}.Debug|Any CPU.Build.0 = Debug|Any CPU
		{BC90F789-0131-4886-9C0D-34562EA183C0}.Release|Any CPU.ActiveCfg = Release|Any CPU
		{BC90F789-0131-4886-9C0D-34562EA183C0}.Release|Any CPU.Build.0 = Release|Any CPU
		{644F6665-8D05-425E-B2B9-31CB1E3D8862}.Debug|Any CPU.ActiveCfg = Debug|Any CPU
		{644F6665-8D05-425E-B2B9-31CB1E3D8862}.Debug|Any CPU.Build.0 = Debug|Any CPU
		{644F6665-8D05-425E-B2B9-31CB1E3D8862}.Release|Any CPU.ActiveCfg = Release|Any CPU
		{644F6665-8D05-425E-B2B9-31CB1E3D8862}.Release|Any CPU.Build.0 = Release|Any CPU
		{494F25F7-BB01-440B-A21F-4FF4355E19C5}.Debug|Any CPU.ActiveCfg = Debug|Any CPU
		{494F25F7-BB01-440B-A21F-4FF4355E19C5}.Debug|Any CPU.Build.0 = Debug|Any CPU
		{494F25F7-BB01-440B-A21F-4FF4355E19C5}.Release|Any CPU.ActiveCfg = Release|Any CPU
		{494F25F7-BB01-440B-A21F-4FF4355E19C5}.Release|Any CPU.Build.0 = Release|Any CPU
	EndGlobalSection
	GlobalSection(SolutionProperties) = preSolution
		HideSolutionNode = FALSE
	EndGlobalSection
	GlobalSection(ExtensibilityGlobals) = postSolution
		SolutionGuid = {55B317F9-024F-4C4E-9D06-4350398227B5}
	EndGlobalSection
EndGlobal
